
Microsoft Visual Studio Solution File, Format Version 12.00
# Visual Studio Version 17
VisualStudioVersion = 17.6.33829.357
MinimumVisualStudioVersion = 10.0.40219.1
Project("{9A19103F-16F7-4668-BE54-9A1E7A4F7556}") = "UI2", "UI2.csproj", "{4A38100D-32B1-4EDF-B860-606EA837D03C}"
EndProject
Global
	GlobalSection(SolutionConfigurationPlatforms) = preSolution
		Debug|Any CPU = Debug|Any CPU
		Release|Any CPU = Release|Any CPU
	EndGlobalSection
	GlobalSection(ProjectConfigurationPlatforms) = postSolution
		{4A38100D-32B1-4EDF-B860-606EA837D03C}.Debug|Any CPU.ActiveCfg = Debug|Any CPU
		{4A38100D-32B1-4EDF-B860-606EA837D03C}.Debug|Any CPU.Build.0 = Debug|Any CPU
		{4A38100D-32B1-4EDF-B860-606EA837D03C}.Release|Any CPU.ActiveCfg = Release|Any CPU
		{4A38100D-32B1-4EDF-B860-606EA837D03C}.Release|Any CPU.Build.0 = Release|Any CPU
	EndGlobalSection
	GlobalSection(SolutionProperties) = preSolution
		HideSolutionNode = FALSE
	EndGlobalSection
	GlobalSection(ExtensibilityGlobals) = postSolution
		SolutionGuid = {C9F1646E-E8CF-4BF3-B6AA-8A186B79BE4E}
	EndGlobalSection
EndGlobal
